
Microsoft Visual Studio Solution File, Format Version 12.00
# Visual Studio Version 16
VisualStudioVersion = 16.0.30709.64
MinimumVisualStudioVersion = 10.0.40219.1
Project("{2150E333-8FDC-42A3-9474-1A3956D46DE8}") = "src", "src", "{B5735B15-AC1C-487C-803C-C6780D3E0582}"
EndProject
Project("{2150E333-8FDC-42A3-9474-1A3956D46DE8}") = "tests", "tests", "{35FCA341-D3AB-4B95-931D-9C802785B354}"
EndProject
Project("{9A19103F-16F7-4668-BE54-9A1E7A4F7556}") = "ShadyNagy.FizzBuzz", "src\ShadyNagy.FizzBuzz\ShadyNagy.FizzBuzz.csproj", "{0B67766F-6A43-49A0-8CE7-D5CD61227735}"
EndProject
Project("{FAE04EC0-301F-11D3-BF4B-00C04F79EFBC}") = "ShadyNagy.FizzBuzz.Tests", "tests\ShadyNagy.FizzBuzz.Tests\ShadyNagy.FizzBuzz.Tests.csproj", "{78820AF6-C6CA-4D50-B05E-2C54C4541DCE}"
EndProject
Global
	GlobalSection(SolutionConfigurationPlatforms) = preSolution
		Debug|Any CPU = Debug|Any CPU
		Release|Any CPU = Release|Any CPU
	EndGlobalSection
	GlobalSection(ProjectConfigurationPlatforms) = postSolution
		{0B67766F-6A43-49A0-8CE7-D5CD61227735}.Debug|Any CPU.ActiveCfg = Debug|Any CPU
		{0B67766F-6A43-49A0-8CE7-D5CD61227735}.Debug|Any CPU.Build.0 = Debug|Any CPU
		{0B67766F-6A43-49A0-8CE7-D5CD61227735}.Release|Any CPU.ActiveCfg = Release|Any CPU
		{0B67766F-6A43-49A0-8CE7-D5CD61227735}.Release|Any CPU.Build.0 = Release|Any CPU
		{78820AF6-C6CA-4D50-B05E-2C54C4541DCE}.Debug|Any CPU.ActiveCfg = Debug|Any CPU
		{78820AF6-C6CA-4D50-B05E-2C54C4541DCE}.Debug|Any CPU.Build.0 = Debug|Any CPU
		{78820AF6-C6CA-4D50-B05E-2C54C4541DCE}.Release|Any CPU.ActiveCfg = Release|Any CPU
		{78820AF6-C6CA-4D50-B05E-2C54C4541DCE}.Release|Any CPU.Build.0 = Release|Any CPU
	EndGlobalSection
	GlobalSection(SolutionProperties) = preSolution
		HideSolutionNode = FALSE
	EndGlobalSection
	GlobalSection(NestedProjects) = preSolution
		{0B67766F-6A43-49A0-8CE7-D5CD61227735} = {B5735B15-AC1C-487C-803C-C6780D3E0582}
		{78820AF6-C6CA-4D50-B05E-2C54C4541DCE} = {35FCA341-D3AB-4B95-931D-9C802785B354}
	EndGlobalSection
	GlobalSection(ExtensibilityGlobals) = postSolution
		SolutionGuid = {F9CF7B7B-783C-497E-B79B-EE5CAEE040C7}
	EndGlobalSection
EndGlobal
